
Microsoft Visual Studio Solution File, Format Version 12.00
# Visual Studio 15
VisualStudioVersion = 15.0.28010.2048
MinimumVisualStudioVersion = 10.0.40219.1
Project("{FAE04EC0-301F-11D3-BF4B-00C04F79EFBC}") = "SearchApp", "SearchApp\SearchApp.csproj", "{24CBF35D-F58E-4FB6-9EA4-577FDBA28415}"
EndProject
Global
	GlobalSection(SolutionConfigurationPlatforms) = preSolution
		Debug|Any CPU = Debug|Any CPU
		Release|Any CPU = Release|Any CPU
	EndGlobalSection
	GlobalSection(ProjectConfigurationPlatforms) = postSolution
		{24CBF35D-F58E-4FB6-9EA4-577FDBA28415}.Debug|Any CPU.ActiveCfg = Debug|Any CPU
		{24CBF35D-F58E-4FB6-9EA4-577FDBA28415}.Debug|Any CPU.Build.0 = Debug|Any CPU
		{24CBF35D-F58E-4FB6-9EA4-577FDBA28415}.Release|Any CPU.ActiveCfg = Release|Any CPU
		{24CBF35D-F58E-4FB6-9EA4-577FDBA28415}.Release|Any CPU.Build.0 = Release|Any CPU
	EndGlobalSection
	GlobalSection(SolutionProperties) = preSolution
		HideSolutionNode = FALSE
	EndGlobalSection
	GlobalSection(ExtensibilityGlobals) = postSolution
		SolutionGuid = {E617AA22-6A08-4A74-B3A4-BFC3E755112A}
	EndGlobalSection
EndGlobal
